
Microsoft Visual Studio Solution File, Format Version 12.00
# Visual Studio Version 17
VisualStudioVersion = 17.4.33103.184
MinimumVisualStudioVersion = 10.0.40219.1
Project("{FAE04EC0-301F-11D3-BF4B-00C04F79EFBC}") = "Collections", "Collections\Collections.csproj", "{F9EE8BC8-CB3F-45C4-A2F0-DDD6DC5C7E31}"
EndProject
Global
	GlobalSection(SolutionConfigurationPlatforms) = preSolution
		Debug|Any CPU = Debug|Any CPU
		Release|Any CPU = Release|Any CPU
	EndGlobalSection
	GlobalSection(ProjectConfigurationPlatforms) = postSolution
		{F9EE8BC8-CB3F-45C4-A2F0-DDD6DC5C7E31}.Debug|Any CPU.ActiveCfg = Debug|Any CPU
		{F9EE8BC8-CB3F-45C4-A2F0-DDD6DC5C7E31}.Debug|Any CPU.Build.0 = Debug|Any CPU
		{F9EE8BC8-CB3F-45C4-A2F0-DDD6DC5C7E31}.Release|Any CPU.ActiveCfg = Release|Any CPU
		{F9EE8BC8-CB3F-45C4-A2F0-DDD6DC5C7E31}.Release|Any CPU.Build.0 = Release|Any CPU
	EndGlobalSection
	GlobalSection(SolutionProperties) = preSolution
		HideSolutionNode = FALSE
	EndGlobalSection
	GlobalSection(ExtensibilityGlobals) = postSolution
		SolutionGuid = {310A3D9F-6108-4CDF-9DD7-CBEB2E1844A6}
	EndGlobalSection
EndGlobal
