
Microsoft Visual Studio Solution File, Format Version 12.00
# Visual Studio Version 17
VisualStudioVersion = 17.4.33110.190
MinimumVisualStudioVersion = 10.0.40219.1
Project("{FAE04EC0-301F-11D3-BF4B-00C04F79EFBC}") = "JaggedArrays", "JaggedArrays\JaggedArrays.csproj", "{DD719814-87F4-4C05-B2D3-FB815D7AED3A}"
EndProject
Global
	GlobalSection(SolutionConfigurationPlatforms) = preSolution
		Debug|Any CPU = Debug|Any CPU
		Release|Any CPU = Release|Any CPU
	EndGlobalSection
	GlobalSection(ProjectConfigurationPlatforms) = postSolution
		{DD719814-87F4-4C05-B2D3-FB815D7AED3A}.Debug|Any CPU.ActiveCfg = Debug|Any CPU
		{DD719814-87F4-4C05-B2D3-FB815D7AED3A}.Debug|Any CPU.Build.0 = Debug|Any CPU
		{DD719814-87F4-4C05-B2D3-FB815D7AED3A}.Release|Any CPU.ActiveCfg = Release|Any CPU
		{DD719814-87F4-4C05-B2D3-FB815D7AED3A}.Release|Any CPU.Build.0 = Release|Any CPU
	EndGlobalSection
	GlobalSection(SolutionProperties) = preSolution
		HideSolutionNode = FALSE
	EndGlobalSection
	GlobalSection(ExtensibilityGlobals) = postSolution
		SolutionGuid = {15816BCE-27AB-437B-A66C-5A4BD4A1C7DA}
	EndGlobalSection
EndGlobal
