
Microsoft Visual Studio Solution File, Format Version 12.00
# Visual Studio Version 17
VisualStudioVersion = 17.4.33110.190
MinimumVisualStudioVersion = 10.0.40219.1
Project("{FAE04EC0-301F-11D3-BF4B-00C04F79EFBC}") = "LinqToSQL", "LinqToSQL\LinqToSQL.csproj", "{EAA508CA-59A3-4133-878B-BD7FF317DBEE}"
EndProject
Global
	GlobalSection(SolutionConfigurationPlatforms) = preSolution
		Debug|Any CPU = Debug|Any CPU
		Release|Any CPU = Release|Any CPU
	EndGlobalSection
	GlobalSection(ProjectConfigurationPlatforms) = postSolution
		{EAA508CA-59A3-4133-878B-BD7FF317DBEE}.Debug|Any CPU.ActiveCfg = Debug|Any CPU
		{EAA508CA-59A3-4133-878B-BD7FF317DBEE}.Debug|Any CPU.Build.0 = Debug|Any CPU
		{EAA508CA-59A3-4133-878B-BD7FF317DBEE}.Release|Any CPU.ActiveCfg = Release|Any CPU
		{EAA508CA-59A3-4133-878B-BD7FF317DBEE}.Release|Any CPU.Build.0 = Release|Any CPU
	EndGlobalSection
	GlobalSection(SolutionProperties) = preSolution
		HideSolutionNode = FALSE
	EndGlobalSection
	GlobalSection(ExtensibilityGlobals) = postSolution
		SolutionGuid = {10A76148-FE3F-4DB4-BA22-A68A3A5F20C1}
	EndGlobalSection
EndGlobal
