
Microsoft Visual Studio Solution File, Format Version 12.00
# Visual Studio Version 17
VisualStudioVersion = 17.4.33103.184
MinimumVisualStudioVersion = 10.0.40219.1
Project("{FAE04EC0-301F-11D3-BF4B-00C04F79EFBC}") = "CConditions", "CConditions\CConditions.csproj", "{0447030A-7863-4D0E-AC4D-5A6A9F1F3608}"
EndProject
Global
	GlobalSection(SolutionConfigurationPlatforms) = preSolution
		Debug|Any CPU = Debug|Any CPU
		Release|Any CPU = Release|Any CPU
	EndGlobalSection
	GlobalSection(ProjectConfigurationPlatforms) = postSolution
		{0447030A-7863-4D0E-AC4D-5A6A9F1F3608}.Debug|Any CPU.ActiveCfg = Debug|Any CPU
		{0447030A-7863-4D0E-AC4D-5A6A9F1F3608}.Debug|Any CPU.Build.0 = Debug|Any CPU
		{0447030A-7863-4D0E-AC4D-5A6A9F1F3608}.Release|Any CPU.ActiveCfg = Release|Any CPU
		{0447030A-7863-4D0E-AC4D-5A6A9F1F3608}.Release|Any CPU.Build.0 = Release|Any CPU
	EndGlobalSection
	GlobalSection(SolutionProperties) = preSolution
		HideSolutionNode = FALSE
	EndGlobalSection
	GlobalSection(ExtensibilityGlobals) = postSolution
		SolutionGuid = {740F19BA-2258-48BE-BF99-2C88080D1F59}
	EndGlobalSection
EndGlobal
