
Microsoft Visual Studio Solution File, Format Version 12.00
# Visual Studio Version 17
VisualStudioVersion = 17.4.33110.190
MinimumVisualStudioVersion = 10.0.40219.1
Project("{FAE04EC0-301F-11D3-BF4B-00C04F79EFBC}") = "WPF ZooManager", "WPF ZooManager\WPF ZooManager.csproj", "{22F2A7BD-0556-46C2-98D0-D3777604FFBC}"
EndProject
Global
	GlobalSection(SolutionConfigurationPlatforms) = preSolution
		Debug|Any CPU = Debug|Any CPU
		Release|Any CPU = Release|Any CPU
	EndGlobalSection
	GlobalSection(ProjectConfigurationPlatforms) = postSolution
		{22F2A7BD-0556-46C2-98D0-D3777604FFBC}.Debug|Any CPU.ActiveCfg = Debug|Any CPU
		{22F2A7BD-0556-46C2-98D0-D3777604FFBC}.Debug|Any CPU.Build.0 = Debug|Any CPU
		{22F2A7BD-0556-46C2-98D0-D3777604FFBC}.Release|Any CPU.ActiveCfg = Release|Any CPU
		{22F2A7BD-0556-46C2-98D0-D3777604FFBC}.Release|Any CPU.Build.0 = Release|Any CPU
	EndGlobalSection
	GlobalSection(SolutionProperties) = preSolution
		HideSolutionNode = FALSE
	EndGlobalSection
	GlobalSection(ExtensibilityGlobals) = postSolution
		SolutionGuid = {9FAA5E68-9880-4849-97DA-90C09CAC827C}
	EndGlobalSection
EndGlobal
