
Microsoft Visual Studio Solution File, Format Version 12.00
# Visual Studio Version 17
VisualStudioVersion = 17.4.33110.190
MinimumVisualStudioVersion = 10.0.40219.1
Project("{FAE04EC0-301F-11D3-BF4B-00C04F79EFBC}") = "WPF ZooManager", "WpfApp1\WPF ZooManager.csproj", "{8460EA1D-3162-4339-8D49-DB61D055ABE7}"
EndProject
Global
	GlobalSection(SolutionConfigurationPlatforms) = preSolution
		Debug|Any CPU = Debug|Any CPU
		Release|Any CPU = Release|Any CPU
	EndGlobalSection
	GlobalSection(ProjectConfigurationPlatforms) = postSolution
		{8460EA1D-3162-4339-8D49-DB61D055ABE7}.Debug|Any CPU.ActiveCfg = Debug|Any CPU
		{8460EA1D-3162-4339-8D49-DB61D055ABE7}.Debug|Any CPU.Build.0 = Debug|Any CPU
		{8460EA1D-3162-4339-8D49-DB61D055ABE7}.Release|Any CPU.ActiveCfg = Release|Any CPU
		{8460EA1D-3162-4339-8D49-DB61D055ABE7}.Release|Any CPU.Build.0 = Release|Any CPU
	EndGlobalSection
	GlobalSection(SolutionProperties) = preSolution
		HideSolutionNode = FALSE
	EndGlobalSection
	GlobalSection(ExtensibilityGlobals) = postSolution
		SolutionGuid = {5AF7A23B-7AA8-4799-A0B8-21559C153B7B}
	EndGlobalSection
EndGlobal
